
Microsoft Visual Studio Solution File, Format Version 12.00
# Visual Studio Version 17
VisualStudioVersion = 17.4.33122.133
MinimumVisualStudioVersion = 10.0.40219.1
Project("{9A19103F-16F7-4668-BE54-9A1E7A4F7556}") = "LineBot", "LineBotEatWhat\LineBot.csproj", "{349BE140-60BD-4C87-82AB-A322F8768F9E}"
EndProject
Global
	GlobalSection(SolutionConfigurationPlatforms) = preSolution
		Debug|Any CPU = Debug|Any CPU
		Release|Any CPU = Release|Any CPU
	EndGlobalSection
	GlobalSection(ProjectConfigurationPlatforms) = postSolution
		{349BE140-60BD-4C87-82AB-A322F8768F9E}.Debug|Any CPU.ActiveCfg = Debug|Any CPU
		{349BE140-60BD-4C87-82AB-A322F8768F9E}.Debug|Any CPU.Build.0 = Debug|Any CPU
		{349BE140-60BD-4C87-82AB-A322F8768F9E}.Release|Any CPU.ActiveCfg = Release|Any CPU
		{349BE140-60BD-4C87-82AB-A322F8768F9E}.Release|Any CPU.Build.0 = Release|Any CPU
	EndGlobalSection
	GlobalSection(SolutionProperties) = preSolution
		HideSolutionNode = FALSE
	EndGlobalSection
	GlobalSection(ExtensibilityGlobals) = postSolution
		SolutionGuid = {DF71B99E-6D92-42C8-9653-A0F727A98AC5}
	EndGlobalSection
EndGlobal
